// !$*UTF8*$!
{
	archiveVersion = 1;
	classes = {
	};
	objectVersion = 56;
	objects = {

/* Begin PBXBuildFile section */
		2C3A984C2AF2870200956C91 /* AppDelegate.swift in Sources */ = {isa = PBXBuildFile; fileRef = 2C3A984B2AF2870200956C91 /* AppDelegate.swift */; };
		2C3A984E2AF2870200956C91 /* SceneDelegate.swift in Sources */ = {isa = PBXBuildFile; fileRef = 2C3A984D2AF2870200956C91 /* SceneDelegate.swift */; };
		2C3A98532AF2870200956C91 /* Main.storyboard in Resources */ = {isa = PBXBuildFile; fileRef = 2C3A98512AF2870200956C91 /* Main.storyboard */; };
		2C3A98552AF2870500956C91 /* Assets.xcassets in Resources */ = {isa = PBXBuildFile; fileRef = 2C3A98542AF2870500956C91 /* Assets.xcassets */; };
		2C3A98582AF2870500956C91 /* LaunchScreen.storyboard in Resources */ = {isa = PBXBuildFile; fileRef = 2C3A98562AF2870500956C91 /* LaunchScreen.storyboard */; };
		2C3A98602AF2CE7800956C91 /* Constants.swift in Sources */ = {isa = PBXBuildFile; fileRef = 2C3A985F2AF2CE7800956C91 /* Constants.swift */; };
		2C3A98632AF2D03400956C91 /* StationModel.swift in Sources */ = {isa = PBXBuildFile; fileRef = 2C3A98622AF2D03400956C91 /* StationModel.swift */; };
		2C3A98692AF2D38500956C91 /* StationManager.swift in Sources */ = {isa = PBXBuildFile; fileRef = 2C3A98682AF2D38500956C91 /* StationManager.swift */; };
		2C3A986B2AF2D97900956C91 /* MainMapViewController.swift in Sources */ = {isa = PBXBuildFile; fileRef = 2C3A986A2AF2D97900956C91 /* MainMapViewController.swift */; };
		2C3A986D2AF2DFB000956C91 /* MainMapPresenter.swift in Sources */ = {isa = PBXBuildFile; fileRef = 2C3A986C2AF2DFB000956C91 /* MainMapPresenter.swift */; };
		2C4F048F2AF7AF4E004889D1 /* Fonts.swift in Sources */ = {isa = PBXBuildFile; fileRef = 2C4F048E2AF7AF4E004889D1 /* Fonts.swift */; };
		2C4F04962AF7B19C004889D1 /* Montserrat-Regular.ttf in Resources */ = {isa = PBXBuildFile; fileRef = 2C4F04912AF7B19C004889D1 /* Montserrat-Regular.ttf */; };
		2C4F04972AF7B19C004889D1 /* Montserrat-SemiBold.ttf in Resources */ = {isa = PBXBuildFile; fileRef = 2C4F04922AF7B19C004889D1 /* Montserrat-SemiBold.ttf */; };
		2C4F04982AF7B19C004889D1 /* Montserrat-Medium.ttf in Resources */ = {isa = PBXBuildFile; fileRef = 2C4F04932AF7B19C004889D1 /* Montserrat-Medium.ttf */; };
		2C4F04992AF7B19C004889D1 /* Montserrat-Light.ttf in Resources */ = {isa = PBXBuildFile; fileRef = 2C4F04942AF7B19C004889D1 /* Montserrat-Light.ttf */; };
		2C4F049A2AF7B19C004889D1 /* Montserrat-Bold.ttf in Resources */ = {isa = PBXBuildFile; fileRef = 2C4F04952AF7B19C004889D1 /* Montserrat-Bold.ttf */; };
		2C9BA5EE2AF580A900DCAD36 /* TripListPresenter.swift in Sources */ = {isa = PBXBuildFile; fileRef = 2C9BA5ED2AF580A900DCAD36 /* TripListPresenter.swift */; };
		2CDE81FF2AF4065900DE915A /* TripListViewController.swift in Sources */ = {isa = PBXBuildFile; fileRef = 2CDE81FE2AF4065900DE915A /* TripListViewController.swift */; };
		2CDE82012AF409BA00DE915A /* TripListTableViewCell.swift in Sources */ = {isa = PBXBuildFile; fileRef = 2CDE82002AF409BA00DE915A /* TripListTableViewCell.swift */; };
		2CE8532B2AF6992A00399CA9 /* ErrorPopupViewController.swift in Sources */ = {isa = PBXBuildFile; fileRef = 2CE8532A2AF6992A00399CA9 /* ErrorPopupViewController.swift */; };
/* End PBXBuildFile section */

/* Begin PBXFileReference section */
		2C3A98482AF2870200956C91 /* BusStopTripsFromMapApp.app */ = {isa = PBXFileReference; explicitFileType = wrapper.application; includeInIndex = 0; path = BusStopTripsFromMapApp.app; sourceTree = BUILT_PRODUCTS_DIR; };
		2C3A984B2AF2870200956C91 /* AppDelegate.swift */ = {isa = PBXFileReference; lastKnownFileType = sourcecode.swift; path = AppDelegate.swift; sourceTree = "<group>"; };
		2C3A984D2AF2870200956C91 /* SceneDelegate.swift */ = {isa = PBXFileReference; lastKnownFileType = sourcecode.swift; path = SceneDelegate.swift; sourceTree = "<group>"; };
		2C3A98522AF2870200956C91 /* Base */ = {isa = PBXFileReference; lastKnownFileType = file.storyboard; name = Base; path = Base.lproj/Main.storyboard; sourceTree = "<group>"; };
		2C3A98542AF2870500956C91 /* Assets.xcassets */ = {isa = PBXFileReference; lastKnownFileType = folder.assetcatalog; path = Assets.xcassets; sourceTree = "<group>"; };
		2C3A98572AF2870500956C91 /* Base */ = {isa = PBXFileReference; lastKnownFileType = file.storyboard; name = Base; path = Base.lproj/LaunchScreen.storyboard; sourceTree = "<group>"; };
		2C3A98592AF2870500956C91 /* Info.plist */ = {isa = PBXFileReference; lastKnownFileType = text.plist.xml; path = Info.plist; sourceTree = "<group>"; };
		2C3A985F2AF2CE7800956C91 /* Constants.swift */ = {isa = PBXFileReference; lastKnownFileType = sourcecode.swift; path = Constants.swift; sourceTree = "<group>"; };
		2C3A98622AF2D03400956C91 /* StationModel.swift */ = {isa = PBXFileReference; lastKnownFileType = sourcecode.swift; path = StationModel.swift; sourceTree = "<group>"; };
		2C3A98682AF2D38500956C91 /* StationManager.swift */ = {isa = PBXFileReference; lastKnownFileType = sourcecode.swift; path = StationManager.swift; sourceTree = "<group>"; };
		2C3A986A2AF2D97900956C91 /* MainMapViewController.swift */ = {isa = PBXFileReference; lastKnownFileType = sourcecode.swift; path = MainMapViewController.swift; sourceTree = "<group>"; };
		2C3A986C2AF2DFB000956C91 /* MainMapPresenter.swift */ = {isa = PBXFileReference; lastKnownFileType = sourcecode.swift; path = MainMapPresenter.swift; sourceTree = "<group>"; };
		2C4F048E2AF7AF4E004889D1 /* Fonts.swift */ = {isa = PBXFileReference; lastKnownFileType = sourcecode.swift; path = Fonts.swift; sourceTree = "<group>"; };
		2C4F04912AF7B19C004889D1 /* Montserrat-Regular.ttf */ = {isa = PBXFileReference; lastKnownFileType = file; path = "Montserrat-Regular.ttf"; sourceTree = "<group>"; };
		2C4F04922AF7B19C004889D1 /* Montserrat-SemiBold.ttf */ = {isa = PBXFileReference; lastKnownFileType = file; path = "Montserrat-SemiBold.ttf"; sourceTree = "<group>"; };
		2C4F04932AF7B19C004889D1 /* Montserrat-Medium.ttf */ = {isa = PBXFileReference; lastKnownFileType = file; path = "Montserrat-Medium.ttf"; sourceTree = "<group>"; };
		2C4F04942AF7B19C004889D1 /* Montserrat-Light.ttf */ = {isa = PBXFileReference; lastKnownFileType = file; path = "Montserrat-Light.ttf"; sourceTree = "<group>"; };
		2C4F04952AF7B19C004889D1 /* Montserrat-Bold.ttf */ = {isa = PBXFileReference; lastKnownFileType = file; path = "Montserrat-Bold.ttf"; sourceTree = "<group>"; };
		2C9BA5ED2AF580A900DCAD36 /* TripListPresenter.swift */ = {isa = PBXFileReference; lastKnownFileType = sourcecode.swift; path = TripListPresenter.swift; sourceTree = "<group>"; };
		2CDE81FE2AF4065900DE915A /* TripListViewController.swift */ = {isa = PBXFileReference; lastKnownFileType = sourcecode.swift; path = TripListViewController.swift; sourceTree = "<group>"; };
		2CDE82002AF409BA00DE915A /* TripListTableViewCell.swift */ = {isa = PBXFileReference; lastKnownFileType = sourcecode.swift; path = TripListTableViewCell.swift; sourceTree = "<group>"; };
		2CE8532A2AF6992A00399CA9 /* ErrorPopupViewController.swift */ = {isa = PBXFileReference; lastKnownFileType = sourcecode.swift; path = ErrorPopupViewController.swift; sourceTree = "<group>"; };
/* End PBXFileReference section */

/* Begin PBXFrameworksBuildPhase section */
		2C3A98452AF2870200956C91 /* Frameworks */ = {
			isa = PBXFrameworksBuildPhase;
			buildActionMask = 2147483647;
			files = (
			);
			runOnlyForDeploymentPostprocessing = 0;
		};
/* End PBXFrameworksBuildPhase section */

/* Begin PBXGroup section */
		2C3A983F2AF2870200956C91 = {
			isa = PBXGroup;
			children = (
				2C3A984A2AF2870200956C91 /* BusStopTripsFromMapApp */,
				2C3A98492AF2870200956C91 /* Products */,
			);
			sourceTree = "<group>";
		};
		2C3A98492AF2870200956C91 /* Products */ = {
			isa = PBXGroup;
			children = (
				2C3A98482AF2870200956C91 /* BusStopTripsFromMapApp.app */,
			);
			name = Products;
			sourceTree = "<group>";
		};
		2C3A984A2AF2870200956C91 /* BusStopTripsFromMapApp */ = {
			isa = PBXGroup;
			children = (
				2C3A98612AF2CFE700956C91 /* Models */,
				2C3A98642AF2D03900956C91 /* Views */,
				2C3A98652AF2D03F00956C91 /* Presenters */,
				2C4F04822AF7AE40004889D1 /* Helpers */,
				2C3A984B2AF2870200956C91 /* AppDelegate.swift */,
				2C3A984D2AF2870200956C91 /* SceneDelegate.swift */,
				2C3A98542AF2870500956C91 /* Assets.xcassets */,
				2C3A98562AF2870500956C91 /* LaunchScreen.storyboard */,
				2C3A98592AF2870500956C91 /* Info.plist */,
			);
			path = BusStopTripsFromMapApp;
			sourceTree = "<group>";
		};
		2C3A98612AF2CFE700956C91 /* Models */ = {
			isa = PBXGroup;
			children = (
				2C3A98622AF2D03400956C91 /* StationModel.swift */,
				2C3A98682AF2D38500956C91 /* StationManager.swift */,
			);
			path = Models;
			sourceTree = "<group>";
		};
		2C3A98642AF2D03900956C91 /* Views */ = {
			isa = PBXGroup;
			children = (
				2CFCE7042AF6D83E006C1BB1 /* Helpers */,
				2C3A98512AF2870200956C91 /* Main.storyboard */,
				2C3A986A2AF2D97900956C91 /* MainMapViewController.swift */,
				2CDE81FE2AF4065900DE915A /* TripListViewController.swift */,
				2CDE82002AF409BA00DE915A /* TripListTableViewCell.swift */,
			);
			path = Views;
			sourceTree = "<group>";
		};
		2C3A98652AF2D03F00956C91 /* Presenters */ = {
			isa = PBXGroup;
			children = (
				2CFCE7022AF6D7C6006C1BB1 /* MainMap */,
				2CFCE7032AF6D7D1006C1BB1 /* TripList */,
			);
			path = Presenters;
			sourceTree = "<group>";
		};
		2C4F04822AF7AE40004889D1 /* Helpers */ = {
			isa = PBXGroup;
			children = (
				2C4F04902AF7B182004889D1 /* Fonts */,
				2C3A985F2AF2CE7800956C91 /* Constants.swift */,
				2C4F048E2AF7AF4E004889D1 /* Fonts.swift */,
			);
			path = Helpers;
			sourceTree = "<group>";
		};
		2C4F04902AF7B182004889D1 /* Fonts */ = {
			isa = PBXGroup;
			children = (
				2C4F04952AF7B19C004889D1 /* Montserrat-Bold.ttf */,
				2C4F04942AF7B19C004889D1 /* Montserrat-Light.ttf */,
				2C4F04932AF7B19C004889D1 /* Montserrat-Medium.ttf */,
				2C4F04912AF7B19C004889D1 /* Montserrat-Regular.ttf */,
				2C4F04922AF7B19C004889D1 /* Montserrat-SemiBold.ttf */,
			);
			path = Fonts;
			sourceTree = "<group>";
		};
		2CFCE7022AF6D7C6006C1BB1 /* MainMap */ = {
			isa = PBXGroup;
			children = (
				2C3A986C2AF2DFB000956C91 /* MainMapPresenter.swift */,
			);
			path = MainMap;
			sourceTree = "<group>";
		};
		2CFCE7032AF6D7D1006C1BB1 /* TripList */ = {
			isa = PBXGroup;
			children = (
				2C9BA5ED2AF580A900DCAD36 /* TripListPresenter.swift */,
			);
			path = TripList;
			sourceTree = "<group>";
		};
		2CFCE7042AF6D83E006C1BB1 /* Helpers */ = {
			isa = PBXGroup;
			children = (
				2CE8532A2AF6992A00399CA9 /* ErrorPopupViewController.swift */,
			);
			path = Helpers;
			sourceTree = "<group>";
		};
/* End PBXGroup section */

/* Begin PBXNativeTarget section */
		2C3A98472AF2870200956C91 /* BusStopTripsFromMapApp */ = {
			isa = PBXNativeTarget;
			buildConfigurationList = 2C3A985C2AF2870500956C91 /* Build configuration list for PBXNativeTarget "BusStopTripsFromMapApp" */;
			buildPhases = (
				2C3A98442AF2870200956C91 /* Sources */,
				2C3A98452AF2870200956C91 /* Frameworks */,
				2C3A98462AF2870200956C91 /* Resources */,
			);
			buildRules = (
			);
			dependencies = (
			);
			name = BusStopTripsFromMapApp;
			productName = BusStopTripsFromMapApp;
			productReference = 2C3A98482AF2870200956C91 /* BusStopTripsFromMapApp.app */;
			productType = "com.apple.product-type.application";
		};
/* End PBXNativeTarget section */

/* Begin PBXProject section */
		2C3A98402AF2870200956C91 /* Project object */ = {
			isa = PBXProject;
			attributes = {
				BuildIndependentTargetsInParallel = 1;
				LastSwiftUpdateCheck = 1500;
				LastUpgradeCheck = 1500;
				TargetAttributes = {
					2C3A98472AF2870200956C91 = {
						CreatedOnToolsVersion = 15.0.1;
					};
				};
			};
			buildConfigurationList = 2C3A98432AF2870200956C91 /* Build configuration list for PBXProject "BusStopTripsFromMapApp" */;
			compatibilityVersion = "Xcode 14.0";
			developmentRegion = en;
			hasScannedForEncodings = 0;
			knownRegions = (
				en,
				Base,
			);
			mainGroup = 2C3A983F2AF2870200956C91;
			productRefGroup = 2C3A98492AF2870200956C91 /* Products */;
			projectDirPath = "";
			projectRoot = "";
			targets = (
				2C3A98472AF2870200956C91 /* BusStopTripsFromMapApp */,
			);
		};
/* End PBXProject section */

/* Begin PBXResourcesBuildPhase section */
		2C3A98462AF2870200956C91 /* Resources */ = {
			isa = PBXResourcesBuildPhase;
			buildActionMask = 2147483647;
			files = (
				2C4F04992AF7B19C004889D1 /* Montserrat-Light.ttf in Resources */,
				2C4F04962AF7B19C004889D1 /* Montserrat-Regular.ttf in Resources */,
				2C3A98582AF2870500956C91 /* LaunchScreen.storyboard in Resources */,
				2C3A98552AF2870500956C91 /* Assets.xcassets in Resources */,
				2C4F049A2AF7B19C004889D1 /* Montserrat-Bold.ttf in Resources */,
				2C3A98532AF2870200956C91 /* Main.storyboard in Resources */,
				2C4F04982AF7B19C004889D1 /* Montserrat-Medium.ttf in Resources */,
				2C4F04972AF7B19C004889D1 /* Montserrat-SemiBold.ttf in Resources */,
			);
			runOnlyForDeploymentPostprocessing = 0;
		};
/* End PBXResourcesBuildPhase section */

/* Begin PBXSourcesBuildPhase section */
		2C3A98442AF2870200956C91 /* Sources */ = {
			isa = PBXSourcesBuildPhase;
			buildActionMask = 2147483647;
			files = (
				2C3A986D2AF2DFB000956C91 /* MainMapPresenter.swift in Sources */,
				2CDE81FF2AF4065900DE915A /* TripListViewController.swift in Sources */,
				2C3A986B2AF2D97900956C91 /* MainMapViewController.swift in Sources */,
				2C9BA5EE2AF580A900DCAD36 /* TripListPresenter.swift in Sources */,
				2C4F048F2AF7AF4E004889D1 /* Fonts.swift in Sources */,
				2C3A984C2AF2870200956C91 /* AppDelegate.swift in Sources */,
				2C3A98692AF2D38500956C91 /* StationManager.swift in Sources */,
				2C3A98632AF2D03400956C91 /* StationModel.swift in Sources */,
				2C3A984E2AF2870200956C91 /* SceneDelegate.swift in Sources */,
				2CDE82012AF409BA00DE915A /* TripListTableViewCell.swift in Sources */,
				2CE8532B2AF6992A00399CA9 /* ErrorPopupViewController.swift in Sources */,
				2C3A98602AF2CE7800956C91 /* Constants.swift in Sources */,
			);
			runOnlyForDeploymentPostprocessing = 0;
		};
/* End PBXSourcesBuildPhase section */

/* Begin PBXVariantGroup section */
		2C3A98512AF2870200956C91 /* Main.storyboard */ = {
			isa = PBXVariantGroup;
			children = (
				2C3A98522AF2870200956C91 /* Base */,
			);
			name = Main.storyboard;
			sourceTree = "<group>";
		};
		2C3A98562AF2870500956C91 /* LaunchScreen.storyboard */ = {
			isa = PBXVariantGroup;
			children = (
				2C3A98572AF2870500956C91 /* Base */,
			);
			name = LaunchScreen.storyboard;
			sourceTree = "<group>";
		};
/* End PBXVariantGroup section */

/* Begin XCBuildConfiguration section */
		2C3A985A2AF2870500956C91 /* Debug */ = {
			isa = XCBuildConfiguration;
			buildSettings = {
				ALWAYS_SEARCH_USER_PATHS = NO;
				ASSETCATALOG_COMPILER_GENERATE_SWIFT_ASSET_SYMBOL_EXTENSIONS = YES;
				CLANG_ANALYZER_NONNULL = YES;
				CLANG_ANALYZER_NUMBER_OBJECT_CONVERSION = YES_AGGRESSIVE;
				CLANG_CXX_LANGUAGE_STANDARD = "gnu++20";
				CLANG_ENABLE_MODULES = YES;
				CLANG_ENABLE_OBJC_ARC = YES;
				CLANG_ENABLE_OBJC_WEAK = YES;
				CLANG_WARN_BLOCK_CAPTURE_AUTORELEASING = YES;
				CLANG_WARN_BOOL_CONVERSION = YES;
				CLANG_WARN_COMMA = YES;
				CLANG_WARN_CONSTANT_CONVERSION = YES;
				CLANG_WARN_DEPRECATED_OBJC_IMPLEMENTATIONS = YES;
				CLANG_WARN_DIRECT_OBJC_ISA_USAGE = YES_ERROR;
				CLANG_WARN_DOCUMENTATION_COMMENTS = YES;
				CLANG_WARN_EMPTY_BODY = YES;
				CLANG_WARN_ENUM_CONVERSION = YES;
				CLANG_WARN_INFINITE_RECURSION = YES;
				CLANG_WARN_INT_CONVERSION = YES;
				CLANG_WARN_NON_LITERAL_NULL_CONVERSION = YES;
				CLANG_WARN_OBJC_IMPLICIT_RETAIN_SELF = YES;
				CLANG_WARN_OBJC_LITERAL_CONVERSION = YES;
				CLANG_WARN_OBJC_ROOT_CLASS = YES_ERROR;
				CLANG_WARN_QUOTED_INCLUDE_IN_FRAMEWORK_HEADER = YES;
				CLANG_WARN_RANGE_LOOP_ANALYSIS = YES;
				CLANG_WARN_STRICT_PROTOTYPES = YES;
				CLANG_WARN_SUSPICIOUS_MOVE = YES;
				CLANG_WARN_UNGUARDED_AVAILABILITY = YES_AGGRESSIVE;
				CLANG_WARN_UNREACHABLE_CODE = YES;
				CLANG_WARN__DUPLICATE_METHOD_MATCH = YES;
				COPY_PHASE_STRIP = NO;
				DEBUG_INFORMATION_FORMAT = dwarf;
				ENABLE_STRICT_OBJC_MSGSEND = YES;
				ENABLE_TESTABILITY = YES;
				ENABLE_USER_SCRIPT_SANDBOXING = YES;
				GCC_C_LANGUAGE_STANDARD = gnu17;
				GCC_DYNAMIC_NO_PIC = NO;
				GCC_NO_COMMON_BLOCKS = YES;
				GCC_OPTIMIZATION_LEVEL = 0;
				GCC_PREPROCESSOR_DEFINITIONS = (
					"DEBUG=1",
					"$(inherited)",
				);
				GCC_WARN_64_TO_32_BIT_CONVERSION = YES;
				GCC_WARN_ABOUT_RETURN_TYPE = YES_ERROR;
				GCC_WARN_UNDECLARED_SELECTOR = YES;
				GCC_WARN_UNINITIALIZED_AUTOS = YES_AGGRESSIVE;
				GCC_WARN_UNUSED_FUNCTION = YES;
				GCC_WARN_UNUSED_VARIABLE = YES;
				IPHONEOS_DEPLOYMENT_TARGET = 17.0;
				LOCALIZATION_PREFERS_STRING_CATALOGS = YES;
				MTL_ENABLE_DEBUG_INFO = INCLUDE_SOURCE;
				MTL_FAST_MATH = YES;
				ONLY_ACTIVE_ARCH = YES;
				SDKROOT = iphoneos;
				SWIFT_ACTIVE_COMPILATION_CONDITIONS = "DEBUG $(inherited)";
				SWIFT_OPTIMIZATION_LEVEL = "-Onone";
			};
			name = Debug;
		};
		2C3A985B2AF2870500956C91 /* Release */ = {
			isa = XCBuildConfiguration;
			buildSettings = {
				ALWAYS_SEARCH_USER_PATHS = NO;
				ASSETCATALOG_COMPILER_GENERATE_SWIFT_ASSET_SYMBOL_EXTENSIONS = YES;
				CLANG_ANALYZER_NONNULL = YES;
				CLANG_ANALYZER_NUMBER_OBJECT_CONVERSION = YES_AGGRESSIVE;
				CLANG_CXX_LANGUAGE_STANDARD = "gnu++20";
				CLANG_ENABLE_MODULES = YES;
				CLANG_ENABLE_OBJC_ARC = YES;
				CLANG_ENABLE_OBJC_WEAK = YES;
				CLANG_WARN_BLOCK_CAPTURE_AUTORELEASING = YES;
				CLANG_WARN_BOOL_CONVERSION = YES;
				CLANG_WARN_COMMA = YES;
				CLANG_WARN_CONSTANT_CONVERSION = YES;
				CLANG_WARN_DEPRECATED_OBJC_IMPLEMENTATIONS = YES;
				CLANG_WARN_DIRECT_OBJC_ISA_USAGE = YES_ERROR;
				CLANG_WARN_DOCUMENTATION_COMMENTS = YES;
				CLANG_WARN_EMPTY_BODY = YES;
				CLANG_WARN_ENUM_CONVERSION = YES;
				CLANG_WARN_INFINITE_RECURSION = YES;
				CLANG_WARN_INT_CONVERSION = YES;
				CLANG_WARN_NON_LITERAL_NULL_CONVERSION = YES;
				CLANG_WARN_OBJC_IMPLICIT_RETAIN_SELF = YES;
				CLANG_WARN_OBJC_LITERAL_CONVERSION = YES;
				CLANG_WARN_OBJC_ROOT_CLASS = YES_ERROR;
				CLANG_WARN_QUOTED_INCLUDE_IN_FRAMEWORK_HEADER = YES;
				CLANG_WARN_RANGE_LOOP_ANALYSIS = YES;
				CLANG_WARN_STRICT_PROTOTYPES = YES;
				CLANG_WARN_SUSPICIOUS_MOVE = YES;
				CLANG_WARN_UNGUARDED_AVAILABILITY = YES_AGGRESSIVE;
				CLANG_WARN_UNREACHABLE_CODE = YES;
				CLANG_WARN__DUPLICATE_METHOD_MATCH = YES;
				COPY_PHASE_STRIP = NO;
				DEBUG_INFORMATION_FORMAT = "dwarf-with-dsym";
				ENABLE_NS_ASSERTIONS = NO;
				ENABLE_STRICT_OBJC_MSGSEND = YES;
				ENABLE_USER_SCRIPT_SANDBOXING = YES;
				GCC_C_LANGUAGE_STANDARD = gnu17;
				GCC_NO_COMMON_BLOCKS = YES;
				GCC_WARN_64_TO_32_BIT_CONVERSION = YES;
				GCC_WARN_ABOUT_RETURN_TYPE = YES_ERROR;
				GCC_WARN_UNDECLARED_SELECTOR = YES;
				GCC_WARN_UNINITIALIZED_AUTOS = YES_AGGRESSIVE;
				GCC_WARN_UNUSED_FUNCTION = YES;
				GCC_WARN_UNUSED_VARIABLE = YES;
				IPHONEOS_DEPLOYMENT_TARGET = 17.0;
				LOCALIZATION_PREFERS_STRING_CATALOGS = YES;
				MTL_ENABLE_DEBUG_INFO = NO;
				MTL_FAST_MATH = YES;
				SDKROOT = iphoneos;
				SWIFT_COMPILATION_MODE = wholemodule;
				VALIDATE_PRODUCT = YES;
			};
			name = Release;
		};
		2C3A985D2AF2870500956C91 /* Debug */ = {
			isa = XCBuildConfiguration;
			buildSettings = {
				ASSETCATALOG_COMPILER_APPICON_NAME = AppIcon;
				ASSETCATALOG_COMPILER_GLOBAL_ACCENT_COLOR_NAME = AccentColor;
				CODE_SIGN_STYLE = Automatic;
				CURRENT_PROJECT_VERSION = 1;
				DEVELOPMENT_TEAM = XFBFY2S4T4;
				GENERATE_INFOPLIST_FILE = YES;
				INFOPLIST_FILE = BusStopTripsFromMapApp/Info.plist;
				INFOPLIST_KEY_NSLocationWhenInUseUsageDescription = "";
				INFOPLIST_KEY_UIApplicationSupportsIndirectInputEvents = YES;
				INFOPLIST_KEY_UILaunchStoryboardName = LaunchScreen;
				INFOPLIST_KEY_UIMainStoryboardFile = Main;
				INFOPLIST_KEY_UISupportedInterfaceOrientations = UIInterfaceOrientationPortrait;
				LD_RUNPATH_SEARCH_PATHS = (
					"$(inherited)",
					"@executable_path/Frameworks",
				);
				MARKETING_VERSION = 1.0;
				PRODUCT_BUNDLE_IDENTIFIER = berket.BusStopTripsFromMapApp;
				PRODUCT_NAME = "$(TARGET_NAME)";
				SWIFT_EMIT_LOC_STRINGS = YES;
				SWIFT_VERSION = 5.0;
				TARGETED_DEVICE_FAMILY = "1,2";
			};
			name = Debug;
		};
		2C3A985E2AF2870500956C91 /* Release */ = {
			isa = XCBuildConfiguration;
			buildSettings = {
				ASSETCATALOG_COMPILER_APPICON_NAME = AppIcon;
				ASSETCATALOG_COMPILER_GLOBAL_ACCENT_COLOR_NAME = AccentColor;
				CODE_SIGN_STYLE = Automatic;
				CURRENT_PROJECT_VERSION = 1;
				DEVELOPMENT_TEAM = XFBFY2S4T4;
				GENERATE_INFOPLIST_FILE = YES;
				INFOPLIST_FILE = BusStopTripsFromMapApp/Info.plist;
				INFOPLIST_KEY_NSLocationWhenInUseUsageDescription = "";
				INFOPLIST_KEY_UIApplicationSupportsIndirectInputEvents = YES;
				INFOPLIST_KEY_UILaunchStoryboardName = LaunchScreen;
				INFOPLIST_KEY_UIMainStoryboardFile = Main;
				INFOPLIST_KEY_UISupportedInterfaceOrientations = UIInterfaceOrientationPortrait;
				LD_RUNPATH_SEARCH_PATHS = (
					"$(inherited)",
					"@executable_path/Frameworks",
				);
				MARKETING_VERSION = 1.0;
				PRODUCT_BUNDLE_IDENTIFIER = berket.BusStopTripsFromMapApp;
				PRODUCT_NAME = "$(TARGET_NAME)";
				SWIFT_EMIT_LOC_STRINGS = YES;
				SWIFT_VERSION = 5.0;
				TARGETED_DEVICE_FAMILY = "1,2";
			};
			name = Release;
		};
/* End XCBuildConfiguration section */

/* Begin XCConfigurationList section */
		2C3A98432AF2870200956C91 /* Build configuration list for PBXProject "BusStopTripsFromMapApp" */ = {
			isa = XCConfigurationList;
			buildConfigurations = (
				2C3A985A2AF2870500956C91 /* Debug */,
				2C3A985B2AF2870500956C91 /* Release */,
			);
			defaultConfigurationIsVisible = 0;
			defaultConfigurationName = Release;
		};
		2C3A985C2AF2870500956C91 /* Build configuration list for PBXNativeTarget "BusStopTripsFromMapApp" */ = {
			isa = XCConfigurationList;
			buildConfigurations = (
				2C3A985D2AF2870500956C91 /* Debug */,
				2C3A985E2AF2870500956C91 /* Release */,
			);
			defaultConfigurationIsVisible = 0;
			defaultConfigurationName = Release;
		};
/* End XCConfigurationList section */
	};
	rootObject = 2C3A98402AF2870200956C91 /* Project object */;
}
